// !$*UTF8*$!
{
	archiveVersion = 1;
	classes = {
	};
	objectVersion = 55;
	objects = {

/* Begin PBXBuildFile section */
		AA09F9A027C4A4DC0092CFAC /* LeaderBoardView.swift in Sources */ = {isa = PBXBuildFile; fileRef = AA09F99F27C4A4DC0092CFAC /* LeaderBoardView.swift */; };
		AA09F9A227C4A88B0092CFAC /* Constants.swift in Sources */ = {isa = PBXBuildFile; fileRef = AA09F9A127C4A88B0092CFAC /* Constants.swift */; };
		AA4D51B42774EA0100475B67 /* Game.swift in Sources */ = {isa = PBXBuildFile; fileRef = AA4D51B32774EA0100475B67 /* Game.swift */; };
		AA4D51B6277623F600475B67 /* TextViews.swift in Sources */ = {isa = PBXBuildFile; fileRef = AA4D51B5277623F600475B67 /* TextViews.swift */; };
		AA4F15B627C4439200ACF261 /* PointsView.swift in Sources */ = {isa = PBXBuildFile; fileRef = AA4F15B527C4439200ACF261 /* PointsView.swift */; };
		AAD86C9B2721D0030052057F /* BullseyeApp.swift in Sources */ = {isa = PBXBuildFile; fileRef = AAD86C9A2721D0030052057F /* BullseyeApp.swift */; };
		AAD86C9D2721D0030052057F /* ContentView.swift in Sources */ = {isa = PBXBuildFile; fileRef = AAD86C9C2721D0030052057F /* ContentView.swift */; };
		AAD86C9F2721D0050052057F /* Assets.xcassets in Resources */ = {isa = PBXBuildFile; fileRef = AAD86C9E2721D0050052057F /* Assets.xcassets */; };
		AAD86CA22721D0050052057F /* Preview Assets.xcassets in Resources */ = {isa = PBXBuildFile; fileRef = AAD86CA12721D0050052057F /* Preview Assets.xcassets */; };
		AAD86CAC2721D0050052057F /* BullseyeTests.swift in Sources */ = {isa = PBXBuildFile; fileRef = AAD86CAB2721D0050052057F /* BullseyeTests.swift */; };
		AAD86CB62721D0050052057F /* BullseyeUITests.swift in Sources */ = {isa = PBXBuildFile; fileRef = AAD86CB52721D0050052057F /* BullseyeUITests.swift */; };
		AAD86CB82721D0050052057F /* BullseyeUITestsLaunchTests.swift in Sources */ = {isa = PBXBuildFile; fileRef = AAD86CB72721D0050052057F /* BullseyeUITestsLaunchTests.swift */; };
		AAEC70DA277B9E6A0030C7B9 /* RoundViews.swift in Sources */ = {isa = PBXBuildFile; fileRef = AAEC70D9277B9E6A0030C7B9 /* RoundViews.swift */; };
		AAEC70DC277BBC090030C7B9 /* BackgroundView.swift in Sources */ = {isa = PBXBuildFile; fileRef = AAEC70DB277BBC090030C7B9 /* BackgroundView.swift */; };
/* End PBXBuildFile section */

/* Begin PBXContainerItemProxy section */
		AAD86CA82721D0050052057F /* PBXContainerItemProxy */ = {
			isa = PBXContainerItemProxy;
			containerPortal = AAD86C8F2721D0030052057F /* Project object */;
			proxyType = 1;
			remoteGlobalIDString = AAD86C962721D0030052057F;
			remoteInfo = Bullseye;
		};
		AAD86CB22721D0050052057F /* PBXContainerItemProxy */ = {
			isa = PBXContainerItemProxy;
			containerPortal = AAD86C8F2721D0030052057F /* Project object */;
			proxyType = 1;
			remoteGlobalIDString = AAD86C962721D0030052057F;
			remoteInfo = Bullseye;
		};
/* End PBXContainerItemProxy section */

/* Begin PBXFileReference section */
		AA09F99F27C4A4DC0092CFAC /* LeaderBoardView.swift */ = {isa = PBXFileReference; lastKnownFileType = sourcecode.swift; path = LeaderBoardView.swift; sourceTree = "<group>"; };
		AA09F9A127C4A88B0092CFAC /* Constants.swift */ = {isa = PBXFileReference; lastKnownFileType = sourcecode.swift; path = Constants.swift; sourceTree = "<group>"; };
		AA4D51B32774EA0100475B67 /* Game.swift */ = {isa = PBXFileReference; lastKnownFileType = sourcecode.swift; path = Game.swift; sourceTree = "<group>"; };
		AA4D51B5277623F600475B67 /* TextViews.swift */ = {isa = PBXFileReference; lastKnownFileType = sourcecode.swift; path = TextViews.swift; sourceTree = "<group>"; };
		AA4F15B527C4439200ACF261 /* PointsView.swift */ = {isa = PBXFileReference; lastKnownFileType = sourcecode.swift; path = PointsView.swift; sourceTree = "<group>"; };
		AAD86C972721D0030052057F /* Bullseye.app */ = {isa = PBXFileReference; explicitFileType = wrapper.application; includeInIndex = 0; path = Bullseye.app; sourceTree = BUILT_PRODUCTS_DIR; };
		AAD86C9A2721D0030052057F /* BullseyeApp.swift */ = {isa = PBXFileReference; lastKnownFileType = sourcecode.swift; path = BullseyeApp.swift; sourceTree = "<group>"; };
		AAD86C9C2721D0030052057F /* ContentView.swift */ = {isa = PBXFileReference; lastKnownFileType = sourcecode.swift; path = ContentView.swift; sourceTree = "<group>"; };
		AAD86C9E2721D0050052057F /* Assets.xcassets */ = {isa = PBXFileReference; lastKnownFileType = folder.assetcatalog; path = Assets.xcassets; sourceTree = "<group>"; };
		AAD86CA12721D0050052057F /* Preview Assets.xcassets */ = {isa = PBXFileReference; lastKnownFileType = folder.assetcatalog; path = "Preview Assets.xcassets"; sourceTree = "<group>"; };
		AAD86CA72721D0050052057F /* BullseyeTests.xctest */ = {isa = PBXFileReference; explicitFileType = wrapper.cfbundle; includeInIndex = 0; path = BullseyeTests.xctest; sourceTree = BUILT_PRODUCTS_DIR; };
		AAD86CAB2721D0050052057F /* BullseyeTests.swift */ = {isa = PBXFileReference; lastKnownFileType = sourcecode.swift; path = BullseyeTests.swift; sourceTree = "<group>"; };
		AAD86CB12721D0050052057F /* BullseyeUITests.xctest */ = {isa = PBXFileReference; explicitFileType = wrapper.cfbundle; includeInIndex = 0; path = BullseyeUITests.xctest; sourceTree = BUILT_PRODUCTS_DIR; };
		AAD86CB52721D0050052057F /* BullseyeUITests.swift */ = {isa = PBXFileReference; lastKnownFileType = sourcecode.swift; path = BullseyeUITests.swift; sourceTree = "<group>"; };
		AAD86CB72721D0050052057F /* BullseyeUITestsLaunchTests.swift */ = {isa = PBXFileReference; lastKnownFileType = sourcecode.swift; path = BullseyeUITestsLaunchTests.swift; sourceTree = "<group>"; };
		AAEC70D9277B9E6A0030C7B9 /* RoundViews.swift */ = {isa = PBXFileReference; lastKnownFileType = sourcecode.swift; path = RoundViews.swift; sourceTree = "<group>"; };
		AAEC70DB277BBC090030C7B9 /* BackgroundView.swift */ = {isa = PBXFileReference; lastKnownFileType = sourcecode.swift; path = BackgroundView.swift; sourceTree = "<group>"; };
/* End PBXFileReference section */

/* Begin PBXFrameworksBuildPhase section */
		AAD86C942721D0030052057F /* Frameworks */ = {
			isa = PBXFrameworksBuildPhase;
			buildActionMask = 2147483647;
			files = (
			);
			runOnlyForDeploymentPostprocessing = 0;
		};
		AAD86CA42721D0050052057F /* Frameworks */ = {
			isa = PBXFrameworksBuildPhase;
			buildActionMask = 2147483647;
			files = (
			);
			runOnlyForDeploymentPostprocessing = 0;
		};
		AAD86CAE2721D0050052057F /* Frameworks */ = {
			isa = PBXFrameworksBuildPhase;
			buildActionMask = 2147483647;
			files = (
			);
			runOnlyForDeploymentPostprocessing = 0;
		};
/* End PBXFrameworksBuildPhase section */

/* Begin PBXGroup section */
		AA4D51B02774E90C00475B67 /* Models */ = {
			isa = PBXGroup;
			children = (
				AA4D51B32774EA0100475B67 /* Game.swift */,
				AA09F9A127C4A88B0092CFAC /* Constants.swift */,
			);
			path = Models;
			sourceTree = "<group>";
		};
		AA4D51B12774E91A00475B67 /* Views */ = {
			isa = PBXGroup;
			children = (
				AAD86C9C2721D0030052057F /* ContentView.swift */,
				AA4D51B5277623F600475B67 /* TextViews.swift */,
				AAEC70D9277B9E6A0030C7B9 /* RoundViews.swift */,
				AAEC70DB277BBC090030C7B9 /* BackgroundView.swift */,
				AA4F15B527C4439200ACF261 /* PointsView.swift */,
				AA09F99F27C4A4DC0092CFAC /* LeaderBoardView.swift */,
			);
			path = Views;
			sourceTree = "<group>";
		};
		AA4D51B22774E92900475B67 /* App */ = {
			isa = PBXGroup;
			children = (
				AAD86C9A2721D0030052057F /* BullseyeApp.swift */,
				AAD86C9E2721D0050052057F /* Assets.xcassets */,
			);
			path = App;
			sourceTree = "<group>";
		};
		AAD86C8E2721D0030052057F = {
			isa = PBXGroup;
			children = (
				AAD86C992721D0030052057F /* Bullseye */,
				AAD86CAA2721D0050052057F /* BullseyeTests */,
				AAD86CB42721D0050052057F /* BullseyeUITests */,
				AAD86C982721D0030052057F /* Products */,
			);
			sourceTree = "<group>";
		};
		AAD86C982721D0030052057F /* Products */ = {
			isa = PBXGroup;
			children = (
				AAD86C972721D0030052057F /* Bullseye.app */,
				AAD86CA72721D0050052057F /* BullseyeTests.xctest */,
				AAD86CB12721D0050052057F /* BullseyeUITests.xctest */,
			);
			name = Products;
			sourceTree = "<group>";
		};
		AAD86C992721D0030052057F /* Bullseye */ = {
			isa = PBXGroup;
			children = (
				AA4D51B02774E90C00475B67 /* Models */,
				AA4D51B12774E91A00475B67 /* Views */,
				AA4D51B22774E92900475B67 /* App */,
				AAD86CA02721D0050052057F /* Preview Content */,
			);
			path = Bullseye;
			sourceTree = "<group>";
		};
		AAD86CA02721D0050052057F /* Preview Content */ = {
			isa = PBXGroup;
			children = (
				AAD86CA12721D0050052057F /* Preview Assets.xcassets */,
			);
			path = "Preview Content";
			sourceTree = "<group>";
		};
		AAD86CAA2721D0050052057F /* BullseyeTests */ = {
			isa = PBXGroup;
			children = (
				AAD86CAB2721D0050052057F /* BullseyeTests.swift */,
			);
			path = BullseyeTests;
			sourceTree = "<group>";
		};
		AAD86CB42721D0050052057F /* BullseyeUITests */ = {
			isa = PBXGroup;
			children = (
				AAD86CB52721D0050052057F /* BullseyeUITests.swift */,
				AAD86CB72721D0050052057F /* BullseyeUITestsLaunchTests.swift */,
			);
			path = BullseyeUITests;
			sourceTree = "<group>";
		};
/* End PBXGroup section */

/* Begin PBXNativeTarget section */
		AAD86C962721D0030052057F /* Bullseye */ = {
			isa = PBXNativeTarget;
			buildConfigurationList = AAD86CBB2721D0060052057F /* Build configuration list for PBXNativeTarget "Bullseye" */;
			buildPhases = (
				AAD86C932721D0030052057F /* Sources */,
				AAD86C942721D0030052057F /* Frameworks */,
				AAD86C952721D0030052057F /* Resources */,
			);
			buildRules = (
			);
			dependencies = (
			);
			name = Bullseye;
			productName = Bullseye;
			productReference = AAD86C972721D0030052057F /* Bullseye.app */;
			productType = "com.apple.product-type.application";
		};
		AAD86CA62721D0050052057F /* BullseyeTests */ = {
			isa = PBXNativeTarget;
			buildConfigurationList = AAD86CBE2721D0060052057F /* Build configuration list for PBXNativeTarget "BullseyeTests" */;
			buildPhases = (
				AAD86CA32721D0050052057F /* Sources */,
				AAD86CA42721D0050052057F /* Frameworks */,
				AAD86CA52721D0050052057F /* Resources */,
			);
			buildRules = (
			);
			dependencies = (
				AAD86CA92721D0050052057F /* PBXTargetDependency */,
			);
			name = BullseyeTests;
			productName = BullseyeTests;
			productReference = AAD86CA72721D0050052057F /* BullseyeTests.xctest */;
			productType = "com.apple.product-type.bundle.unit-test";
		};
		AAD86CB02721D0050052057F /* BullseyeUITests */ = {
			isa = PBXNativeTarget;
			buildConfigurationList = AAD86CC12721D0060052057F /* Build configuration list for PBXNativeTarget "BullseyeUITests" */;
			buildPhases = (
				AAD86CAD2721D0050052057F /* Sources */,
				AAD86CAE2721D0050052057F /* Frameworks */,
				AAD86CAF2721D0050052057F /* Resources */,
			);
			buildRules = (
			);
			dependencies = (
				AAD86CB32721D0050052057F /* PBXTargetDependency */,
			);
			name = BullseyeUITests;
			productName = BullseyeUITests;
			productReference = AAD86CB12721D0050052057F /* BullseyeUITests.xctest */;
			productType = "com.apple.product-type.bundle.ui-testing";
		};
/* End PBXNativeTarget section */

/* Begin PBXProject section */
		AAD86C8F2721D0030052057F /* Project object */ = {
			isa = PBXProject;
			attributes = {
				BuildIndependentTargetsInParallel = 1;
				LastSwiftUpdateCheck = 1300;
				LastUpgradeCheck = 1300;
				TargetAttributes = {
					AAD86C962721D0030052057F = {
						CreatedOnToolsVersion = 13.0;
					};
					AAD86CA62721D0050052057F = {
						CreatedOnToolsVersion = 13.0;
						TestTargetID = AAD86C962721D0030052057F;
					};
					AAD86CB02721D0050052057F = {
						CreatedOnToolsVersion = 13.0;
						TestTargetID = AAD86C962721D0030052057F;
					};
				};
			};
			buildConfigurationList = AAD86C922721D0030052057F /* Build configuration list for PBXProject "Bullseye" */;
			compatibilityVersion = "Xcode 13.0";
			developmentRegion = en;
			hasScannedForEncodings = 0;
			knownRegions = (
				en,
				Base,
			);
			mainGroup = AAD86C8E2721D0030052057F;
			productRefGroup = AAD86C982721D0030052057F /* Products */;
			projectDirPath = "";
			projectRoot = "";
			targets = (
				AAD86C962721D0030052057F /* Bullseye */,
				AAD86CA62721D0050052057F /* BullseyeTests */,
				AAD86CB02721D0050052057F /* BullseyeUITests */,
			);
		};
/* End PBXProject section */

/* Begin PBXResourcesBuildPhase section */
		AAD86C952721D0030052057F /* Resources */ = {
			isa = PBXResourcesBuildPhase;
			buildActionMask = 2147483647;
			files = (
				AAD86CA22721D0050052057F /* Preview Assets.xcassets in Resources */,
				AAD86C9F2721D0050052057F /* Assets.xcassets in Resources */,
			);
			runOnlyForDeploymentPostprocessing = 0;
		};
		AAD86CA52721D0050052057F /* Resources */ = {
			isa = PBXResourcesBuildPhase;
			buildActionMask = 2147483647;
			files = (
			);
			runOnlyForDeploymentPostprocessing = 0;
		};
		AAD86CAF2721D0050052057F /* Resources */ = {
			isa = PBXResourcesBuildPhase;
			buildActionMask = 2147483647;
			files = (
			);
			runOnlyForDeploymentPostprocessing = 0;
		};
/* End PBXResourcesBuildPhase section */

/* Begin PBXSourcesBuildPhase section */
		AAD86C932721D0030052057F /* Sources */ = {
			isa = PBXSourcesBuildPhase;
			buildActionMask = 2147483647;
			files = (
				AA09F9A027C4A4DC0092CFAC /* LeaderBoardView.swift in Sources */,
				AAEC70DC277BBC090030C7B9 /* BackgroundView.swift in Sources */,
				AA4F15B627C4439200ACF261 /* PointsView.swift in Sources */,
				AAD86C9D2721D0030052057F /* ContentView.swift in Sources */,
				AA4D51B6277623F600475B67 /* TextViews.swift in Sources */,
				AAEC70DA277B9E6A0030C7B9 /* RoundViews.swift in Sources */,
				AA4D51B42774EA0100475B67 /* Game.swift in Sources */,
				AAD86C9B2721D0030052057F /* BullseyeApp.swift in Sources */,
				AA09F9A227C4A88B0092CFAC /* Constants.swift in Sources */,
			);
			runOnlyForDeploymentPostprocessing = 0;
		};
		AAD86CA32721D0050052057F /* Sources */ = {
			isa = PBXSourcesBuildPhase;
			buildActionMask = 2147483647;
			files = (
				AAD86CAC2721D0050052057F /* BullseyeTests.swift in Sources */,
			);
			runOnlyForDeploymentPostprocessing = 0;
		};
		AAD86CAD2721D0050052057F /* Sources */ = {
			isa = PBXSourcesBuildPhase;
			buildActionMask = 2147483647;
			files = (
				AAD86CB82721D0050052057F /* BullseyeUITestsLaunchTests.swift in Sources */,
				AAD86CB62721D0050052057F /* BullseyeUITests.swift in Sources */,
			);
			runOnlyForDeploymentPostprocessing = 0;
		};
/* End PBXSourcesBuildPhase section */

/* Begin PBXTargetDependency section */
		AAD86CA92721D0050052057F /* PBXTargetDependency */ = {
			isa = PBXTargetDependency;
			target = AAD86C962721D0030052057F /* Bullseye */;
			targetProxy = AAD86CA82721D0050052057F /* PBXContainerItemProxy */;
		};
		AAD86CB32721D0050052057F /* PBXTargetDependency */ = {
			isa = PBXTargetDependency;
			target = AAD86C962721D0030052057F /* Bullseye */;
			targetProxy = AAD86CB22721D0050052057F /* PBXContainerItemProxy */;
		};
/* End PBXTargetDependency section */

/* Begin XCBuildConfiguration section */
		AAD86CB92721D0050052057F /* Debug */ = {
			isa = XCBuildConfiguration;
			buildSettings = {
				ALWAYS_SEARCH_USER_PATHS = NO;
				CLANG_ANALYZER_NONNULL = YES;
				CLANG_ANALYZER_NUMBER_OBJECT_CONVERSION = YES_AGGRESSIVE;
				CLANG_CXX_LANGUAGE_STANDARD = "gnu++17";
				CLANG_CXX_LIBRARY = "libc++";
				CLANG_ENABLE_MODULES = YES;
				CLANG_ENABLE_OBJC_ARC = YES;
				CLANG_ENABLE_OBJC_WEAK = YES;
				CLANG_WARN_BLOCK_CAPTURE_AUTORELEASING = YES;
				CLANG_WARN_BOOL_CONVERSION = YES;
				CLANG_WARN_COMMA = YES;
				CLANG_WARN_CONSTANT_CONVERSION = YES;
				CLANG_WARN_DEPRECATED_OBJC_IMPLEMENTATIONS = YES;
				CLANG_WARN_DIRECT_OBJC_ISA_USAGE = YES_ERROR;
				CLANG_WARN_DOCUMENTATION_COMMENTS = YES;
				CLANG_WARN_EMPTY_BODY = YES;
				CLANG_WARN_ENUM_CONVERSION = YES;
				CLANG_WARN_INFINITE_RECURSION = YES;
				CLANG_WARN_INT_CONVERSION = YES;
				CLANG_WARN_NON_LITERAL_NULL_CONVERSION = YES;
				CLANG_WARN_OBJC_IMPLICIT_RETAIN_SELF = YES;
				CLANG_WARN_OBJC_LITERAL_CONVERSION = YES;
				CLANG_WARN_OBJC_ROOT_CLASS = YES_ERROR;
				CLANG_WARN_QUOTED_INCLUDE_IN_FRAMEWORK_HEADER = YES;
				CLANG_WARN_RANGE_LOOP_ANALYSIS = YES;
				CLANG_WARN_STRICT_PROTOTYPES = YES;
				CLANG_WARN_SUSPICIOUS_MOVE = YES;
				CLANG_WARN_UNGUARDED_AVAILABILITY = YES_AGGRESSIVE;
				CLANG_WARN_UNREACHABLE_CODE = YES;
				CLANG_WARN__DUPLICATE_METHOD_MATCH = YES;
				COPY_PHASE_STRIP = NO;
				DEBUG_INFORMATION_FORMAT = dwarf;
				ENABLE_STRICT_OBJC_MSGSEND = YES;
				ENABLE_TESTABILITY = YES;
				GCC_C_LANGUAGE_STANDARD = gnu11;
				GCC_DYNAMIC_NO_PIC = NO;
				GCC_NO_COMMON_BLOCKS = YES;
				GCC_OPTIMIZATION_LEVEL = 0;
				GCC_PREPROCESSOR_DEFINITIONS = (
					"DEBUG=1",
					"$(inherited)",
				);
				GCC_WARN_64_TO_32_BIT_CONVERSION = YES;
				GCC_WARN_ABOUT_RETURN_TYPE = YES_ERROR;
				GCC_WARN_UNDECLARED_SELECTOR = YES;
				GCC_WARN_UNINITIALIZED_AUTOS = YES_AGGRESSIVE;
				GCC_WARN_UNUSED_FUNCTION = YES;
				GCC_WARN_UNUSED_VARIABLE = YES;
				IPHONEOS_DEPLOYMENT_TARGET = 15.0;
				MTL_ENABLE_DEBUG_INFO = INCLUDE_SOURCE;
				MTL_FAST_MATH = YES;
				ONLY_ACTIVE_ARCH = YES;
				SDKROOT = iphoneos;
				SWIFT_ACTIVE_COMPILATION_CONDITIONS = DEBUG;
				SWIFT_OPTIMIZATION_LEVEL = "-Onone";
			};
			name = Debug;
		};
		AAD86CBA2721D0060052057F /* Release */ = {
			isa = XCBuildConfiguration;
			buildSettings = {
				ALWAYS_SEARCH_USER_PATHS = NO;
				CLANG_ANALYZER_NONNULL = YES;
				CLANG_ANALYZER_NUMBER_OBJECT_CONVERSION = YES_AGGRESSIVE;
				CLANG_CXX_LANGUAGE_STANDARD = "gnu++17";
				CLANG_CXX_LIBRARY = "libc++";
				CLANG_ENABLE_MODULES = YES;
				CLANG_ENABLE_OBJC_ARC = YES;
				CLANG_ENABLE_OBJC_WEAK = YES;
				CLANG_WARN_BLOCK_CAPTURE_AUTORELEASING = YES;
				CLANG_WARN_BOOL_CONVERSION = YES;
				CLANG_WARN_COMMA = YES;
				CLANG_WARN_CONSTANT_CONVERSION = YES;
				CLANG_WARN_DEPRECATED_OBJC_IMPLEMENTATIONS = YES;
				CLANG_WARN_DIRECT_OBJC_ISA_USAGE = YES_ERROR;
				CLANG_WARN_DOCUMENTATION_COMMENTS = YES;
				CLANG_WARN_EMPTY_BODY = YES;
				CLANG_WARN_ENUM_CONVERSION = YES;
				CLANG_WARN_INFINITE_RECURSION = YES;
				CLANG_WARN_INT_CONVERSION = YES;
				CLANG_WARN_NON_LITERAL_NULL_CONVERSION = YES;
				CLANG_WARN_OBJC_IMPLICIT_RETAIN_SELF = YES;
				CLANG_WARN_OBJC_LITERAL_CONVERSION = YES;
				CLANG_WARN_OBJC_ROOT_CLASS = YES_ERROR;
				CLANG_WARN_QUOTED_INCLUDE_IN_FRAMEWORK_HEADER = YES;
				CLANG_WARN_RANGE_LOOP_ANALYSIS = YES;
				CLANG_WARN_STRICT_PROTOTYPES = YES;
				CLANG_WARN_SUSPICIOUS_MOVE = YES;
				CLANG_WARN_UNGUARDED_AVAILABILITY = YES_AGGRESSIVE;
				CLANG_WARN_UNREACHABLE_CODE = YES;
				CLANG_WARN__DUPLICATE_METHOD_MATCH = YES;
				COPY_PHASE_STRIP = NO;
				DEBUG_INFORMATION_FORMAT = "dwarf-with-dsym";
				ENABLE_NS_ASSERTIONS = NO;
				ENABLE_STRICT_OBJC_MSGSEND = YES;
				GCC_C_LANGUAGE_STANDARD = gnu11;
				GCC_NO_COMMON_BLOCKS = YES;
				GCC_WARN_64_TO_32_BIT_CONVERSION = YES;
				GCC_WARN_ABOUT_RETURN_TYPE = YES_ERROR;
				GCC_WARN_UNDECLARED_SELECTOR = YES;
				GCC_WARN_UNINITIALIZED_AUTOS = YES_AGGRESSIVE;
				GCC_WARN_UNUSED_FUNCTION = YES;
				GCC_WARN_UNUSED_VARIABLE = YES;
				IPHONEOS_DEPLOYMENT_TARGET = 15.0;
				MTL_ENABLE_DEBUG_INFO = NO;
				MTL_FAST_MATH = YES;
				SDKROOT = iphoneos;
				SWIFT_COMPILATION_MODE = wholemodule;
				SWIFT_OPTIMIZATION_LEVEL = "-O";
				VALIDATE_PRODUCT = YES;
			};
			name = Release;
		};
		AAD86CBC2721D0060052057F /* Debug */ = {
			isa = XCBuildConfiguration;
			buildSettings = {
				ASSETCATALOG_COMPILER_APPICON_NAME = AppIcon;
				ASSETCATALOG_COMPILER_GLOBAL_ACCENT_COLOR_NAME = AccentColor;
				CODE_SIGN_STYLE = Automatic;
				CURRENT_PROJECT_VERSION = 1;
				DEVELOPMENT_ASSET_PATHS = "\"Bullseye/Preview Content\"";
				DEVELOPMENT_TEAM = 6A384JRBKL;
				ENABLE_PREVIEWS = YES;
				GENERATE_INFOPLIST_FILE = YES;
				INFOPLIST_KEY_UIApplicationSceneManifest_Generation = YES;
				INFOPLIST_KEY_UIApplicationSupportsIndirectInputEvents = YES;
				INFOPLIST_KEY_UILaunchScreen_Generation = YES;
				INFOPLIST_KEY_UISupportedInterfaceOrientations_iPad = "UIInterfaceOrientationPortrait UIInterfaceOrientationPortraitUpsideDown UIInterfaceOrientationLandscapeLeft UIInterfaceOrientationLandscapeRight";
				INFOPLIST_KEY_UISupportedInterfaceOrientations_iPhone = "UIInterfaceOrientationPortrait UIInterfaceOrientationLandscapeLeft UIInterfaceOrientationLandscapeRight";
				IPHONEOS_DEPLOYMENT_TARGET = 14.0;
				LD_RUNPATH_SEARCH_PATHS = (
					"$(inherited)",
					"@executable_path/Frameworks",
				);
				MARKETING_VERSION = 1.0;
				PRODUCT_BUNDLE_IDENTIFIER = com.aafrin.Bullseye;
				PRODUCT_NAME = "$(TARGET_NAME)";
				SWIFT_EMIT_LOC_STRINGS = YES;
				SWIFT_VERSION = 5.0;
				TARGETED_DEVICE_FAMILY = "1,2";
			};
			name = Debug;
		};
		AAD86CBD2721D0060052057F /* Release */ = {
			isa = XCBuildConfiguration;
			buildSettings = {
				ASSETCATALOG_COMPILER_APPICON_NAME = AppIcon;
				ASSETCATALOG_COMPILER_GLOBAL_ACCENT_COLOR_NAME = AccentColor;
				CODE_SIGN_STYLE = Automatic;
				CURRENT_PROJECT_VERSION = 1;
				DEVELOPMENT_ASSET_PATHS = "\"Bullseye/Preview Content\"";
				DEVELOPMENT_TEAM = 6A384JRBKL;
				ENABLE_PREVIEWS = YES;
				GENERATE_INFOPLIST_FILE = YES;
				INFOPLIST_KEY_UIApplicationSceneManifest_Generation = YES;
				INFOPLIST_KEY_UIApplicationSupportsIndirectInputEvents = YES;
				INFOPLIST_KEY_UILaunchScreen_Generation = YES;
				INFOPLIST_KEY_UISupportedInterfaceOrientations_iPad = "UIInterfaceOrientationPortrait UIInterfaceOrientationPortraitUpsideDown UIInterfaceOrientationLandscapeLeft UIInterfaceOrientationLandscapeRight";
				INFOPLIST_KEY_UISupportedInterfaceOrientations_iPhone = "UIInterfaceOrientationPortrait UIInterfaceOrientationLandscapeLeft UIInterfaceOrientationLandscapeRight";
				IPHONEOS_DEPLOYMENT_TARGET = 14.0;
				LD_RUNPATH_SEARCH_PATHS = (
					"$(inherited)",
					"@executable_path/Frameworks",
				);
				MARKETING_VERSION = 1.0;
				PRODUCT_BUNDLE_IDENTIFIER = com.aafrin.Bullseye;
				PRODUCT_NAME = "$(TARGET_NAME)";
				SWIFT_EMIT_LOC_STRINGS = YES;
				SWIFT_VERSION = 5.0;
				TARGETED_DEVICE_FAMILY = "1,2";
			};
			name = Release;
		};
		AAD86CBF2721D0060052057F /* Debug */ = {
			isa = XCBuildConfiguration;
			buildSettings = {
				ALWAYS_EMBED_SWIFT_STANDARD_LIBRARIES = YES;
				BUNDLE_LOADER = "$(TEST_HOST)";
				"CODE_SIGN_IDENTITY[sdk=macosx*]" = "Apple Development";
				CODE_SIGN_STYLE = Automatic;
				CURRENT_PROJECT_VERSION = 1;
				DEVELOPMENT_TEAM = 6A384JRBKL;
				GENERATE_INFOPLIST_FILE = YES;
				IPHONEOS_DEPLOYMENT_TARGET = 14.0;
				LD_RUNPATH_SEARCH_PATHS = (
					"$(inherited)",
					"@executable_path/Frameworks",
					"@loader_path/Frameworks",
				);
				MARKETING_VERSION = 1.0;
				PRODUCT_BUNDLE_IDENTIFIER = com.aafrin.BullseyeTests;
				PRODUCT_NAME = "$(TARGET_NAME)";
				SWIFT_EMIT_LOC_STRINGS = NO;
				SWIFT_VERSION = 5.0;
				TARGETED_DEVICE_FAMILY = "1,2";
				TEST_HOST = "$(BUILT_PRODUCTS_DIR)/Bullseye.app/Bullseye";
			};
			name = Debug;
		};
		AAD86CC02721D0060052057F /* Release */ = {
			isa = XCBuildConfiguration;
			buildSettings = {
				ALWAYS_EMBED_SWIFT_STANDARD_LIBRARIES = YES;
				BUNDLE_LOADER = "$(TEST_HOST)";
				"CODE_SIGN_IDENTITY[sdk=macosx*]" = "Apple Development";
				CODE_SIGN_STYLE = Automatic;
				CURRENT_PROJECT_VERSION = 1;
				DEVELOPMENT_TEAM = 6A384JRBKL;
				GENERATE_INFOPLIST_FILE = YES;
				IPHONEOS_DEPLOYMENT_TARGET = 14.0;
				LD_RUNPATH_SEARCH_PATHS = (
					"$(inherited)",
					"@executable_path/Frameworks",
					"@loader_path/Frameworks",
				);
				MARKETING_VERSION = 1.0;
				PRODUCT_BUNDLE_IDENTIFIER = com.aafrin.BullseyeTests;
				PRODUCT_NAME = "$(TARGET_NAME)";
				SWIFT_EMIT_LOC_STRINGS = NO;
				SWIFT_VERSION = 5.0;
				TARGETED_DEVICE_FAMILY = "1,2";
				TEST_HOST = "$(BUILT_PRODUCTS_DIR)/Bullseye.app/Bullseye";
			};
			name = Release;
		};
		AAD86CC22721D0060052057F /* Debug */ = {
			isa = XCBuildConfiguration;
			buildSettings = {
				ALWAYS_EMBED_SWIFT_STANDARD_LIBRARIES = YES;
				CODE_SIGN_STYLE = Automatic;
				CURRENT_PROJECT_VERSION = 1;
				DEVELOPMENT_TEAM = 6A384JRBKL;
				GENERATE_INFOPLIST_FILE = YES;
				LD_RUNPATH_SEARCH_PATHS = (
					"$(inherited)",
					"@executable_path/Frameworks",
					"@loader_path/Frameworks",
				);
				MARKETING_VERSION = 1.0;
				PRODUCT_BUNDLE_IDENTIFIER = com.aafrin.BullseyeUITests;
				PRODUCT_NAME = "$(TARGET_NAME)";
				SWIFT_EMIT_LOC_STRINGS = NO;
				SWIFT_VERSION = 5.0;
				TARGETED_DEVICE_FAMILY = "1,2";
				TEST_TARGET_NAME = Bullseye;
			};
			name = Debug;
		};
		AAD86CC32721D0060052057F /* Release */ = {
			isa = XCBuildConfiguration;
			buildSettings = {
				ALWAYS_EMBED_SWIFT_STANDARD_LIBRARIES = YES;
				CODE_SIGN_STYLE = Automatic;
				CURRENT_PROJECT_VERSION = 1;
				DEVELOPMENT_TEAM = 6A384JRBKL;
				GENERATE_INFOPLIST_FILE = YES;
				LD_RUNPATH_SEARCH_PATHS = (
					"$(inherited)",
					"@executable_path/Frameworks",
					"@loader_path/Frameworks",
				);
				MARKETING_VERSION = 1.0;
				PRODUCT_BUNDLE_IDENTIFIER = com.aafrin.BullseyeUITests;
				PRODUCT_NAME = "$(TARGET_NAME)";
				SWIFT_EMIT_LOC_STRINGS = NO;
				SWIFT_VERSION = 5.0;
				TARGETED_DEVICE_FAMILY = "1,2";
				TEST_TARGET_NAME = Bullseye;
			};
			name = Release;
		};
/* End XCBuildConfiguration section */

/* Begin XCConfigurationList section */
		AAD86C922721D0030052057F /* Build configuration list for PBXProject "Bullseye" */ = {
			isa = XCConfigurationList;
			buildConfigurations = (
				AAD86CB92721D0050052057F /* Debug */,
				AAD86CBA2721D0060052057F /* Release */,
			);
			defaultConfigurationIsVisible = 0;
			defaultConfigurationName = Release;
		};
		AAD86CBB2721D0060052057F /* Build configuration list for PBXNativeTarget "Bullseye" */ = {
			isa = XCConfigurationList;
			buildConfigurations = (
				AAD86CBC2721D0060052057F /* Debug */,
				AAD86CBD2721D0060052057F /* Release */,
			);
			defaultConfigurationIsVisible = 0;
			defaultConfigurationName = Release;
		};
		AAD86CBE2721D0060052057F /* Build configuration list for PBXNativeTarget "BullseyeTests" */ = {
			isa = XCConfigurationList;
			buildConfigurations = (
				AAD86CBF2721D0060052057F /* Debug */,
				AAD86CC02721D0060052057F /* Release */,
			);
			defaultConfigurationIsVisible = 0;
			defaultConfigurationName = Release;
		};
		AAD86CC12721D0060052057F /* Build configuration list for PBXNativeTarget "BullseyeUITests" */ = {
			isa = XCConfigurationList;
			buildConfigurations = (
				AAD86CC22721D0060052057F /* Debug */,
				AAD86CC32721D0060052057F /* Release */,
			);
			defaultConfigurationIsVisible = 0;
			defaultConfigurationName = Release;
		};
/* End XCConfigurationList section */
	};
	rootObject = AAD86C8F2721D0030052057F /* Project object */;
}
